
Microsoft Visual Studio Solution File, Format Version 12.00
# Visual Studio Version 16
VisualStudioVersion = 16.0.32413.511
MinimumVisualStudioVersion = 10.0.40219.1
Project("{FAE04EC0-301F-11D3-BF4B-00C04F79EFBC}") = "HelloService", "HelloService\HelloService.csproj", "{44A33369-6EF1-40DC-B869-02AE4AB7D34E}"
EndProject
Project("{FAE04EC0-301F-11D3-BF4B-00C04F79EFBC}") = "HelloServiseHost", "HelloServiseHost\HelloServiseHost.csproj", "{1F96516F-F9FE-4500-A9FF-6301AF29CDA2}"
EndProject
Global
	GlobalSection(SolutionConfigurationPlatforms) = preSolution
		Debug|Any CPU = Debug|Any CPU
		Release|Any CPU = Release|Any CPU
	EndGlobalSection
	GlobalSection(ProjectConfigurationPlatforms) = postSolution
		{44A33369-6EF1-40DC-B869-02AE4AB7D34E}.Debug|Any CPU.ActiveCfg = Debug|Any CPU
		{44A33369-6EF1-40DC-B869-02AE4AB7D34E}.Debug|Any CPU.Build.0 = Debug|Any CPU
		{44A33369-6EF1-40DC-B869-02AE4AB7D34E}.Release|Any CPU.ActiveCfg = Release|Any CPU
		{44A33369-6EF1-40DC-B869-02AE4AB7D34E}.Release|Any CPU.Build.0 = Release|Any CPU
		{1F96516F-F9FE-4500-A9FF-6301AF29CDA2}.Debug|Any CPU.ActiveCfg = Debug|Any CPU
		{1F96516F-F9FE-4500-A9FF-6301AF29CDA2}.Debug|Any CPU.Build.0 = Debug|Any CPU
		{1F96516F-F9FE-4500-A9FF-6301AF29CDA2}.Release|Any CPU.ActiveCfg = Release|Any CPU
		{1F96516F-F9FE-4500-A9FF-6301AF29CDA2}.Release|Any CPU.Build.0 = Release|Any CPU
	EndGlobalSection
	GlobalSection(SolutionProperties) = preSolution
		HideSolutionNode = FALSE
	EndGlobalSection
	GlobalSection(ExtensibilityGlobals) = postSolution
		SolutionGuid = {C7650067-DC4E-469A-9990-A4FBE4DCF060}
	EndGlobalSection
EndGlobal
